
Microsoft Visual Studio Solution File, Format Version 12.00
# Visual Studio Version 17
VisualStudioVersion = 17.9.34607.119
MinimumVisualStudioVersion = 10.0.40219.1
Project("{FAE04EC0-301F-11D3-BF4B-00C04F79EFBC}") = "client-desktop", "client-desktop.csproj", "{34D6BADC-A5DB-4F82-9C90-EB0952E7F8A0}"
EndProject
Global
	GlobalSection(SolutionConfigurationPlatforms) = preSolution
		Debug|Any CPU = Debug|Any CPU
		Release|Any CPU = Release|Any CPU
	EndGlobalSection
	GlobalSection(ProjectConfigurationPlatforms) = postSolution
		{34D6BADC-A5DB-4F82-9C90-EB0952E7F8A0}.Debug|Any CPU.ActiveCfg = Debug|Any CPU
		{34D6BADC-A5DB-4F82-9C90-EB0952E7F8A0}.Debug|Any CPU.Build.0 = Debug|Any CPU
		{34D6BADC-A5DB-4F82-9C90-EB0952E7F8A0}.Release|Any CPU.ActiveCfg = Release|Any CPU
		{34D6BADC-A5DB-4F82-9C90-EB0952E7F8A0}.Release|Any CPU.Build.0 = Release|Any CPU
	EndGlobalSection
	GlobalSection(SolutionProperties) = preSolution
		HideSolutionNode = FALSE
	EndGlobalSection
	GlobalSection(ExtensibilityGlobals) = postSolution
		SolutionGuid = {CB2F42FA-0FC3-4CBD-B91E-AA4422A6CB8B}
	EndGlobalSection
EndGlobal
